
Microsoft Visual Studio Solution File, Format Version 12.00
# Visual Studio Version 17
VisualStudioVersion = 17.10.35013.160
MinimumVisualStudioVersion = 10.0.40219.1
Project("{FAE04EC0-301F-11D3-BF4B-00C04F79EFBC}") = "Mosad1View", "Mosad1View.csproj", "{13F9B3B2-3667-4ABC-8AD5-072BE1320661}"
EndProject
Global
	GlobalSection(SolutionConfigurationPlatforms) = preSolution
		Debug|Any CPU = Debug|Any CPU
		Release|Any CPU = Release|Any CPU
	EndGlobalSection
	GlobalSection(ProjectConfigurationPlatforms) = postSolution
		{13F9B3B2-3667-4ABC-8AD5-072BE1320661}.Debug|Any CPU.ActiveCfg = Debug|Any CPU
		{13F9B3B2-3667-4ABC-8AD5-072BE1320661}.Debug|Any CPU.Build.0 = Debug|Any CPU
		{13F9B3B2-3667-4ABC-8AD5-072BE1320661}.Release|Any CPU.ActiveCfg = Release|Any CPU
		{13F9B3B2-3667-4ABC-8AD5-072BE1320661}.Release|Any CPU.Build.0 = Release|Any CPU
	EndGlobalSection
	GlobalSection(SolutionProperties) = preSolution
		HideSolutionNode = FALSE
	EndGlobalSection
	GlobalSection(ExtensibilityGlobals) = postSolution
		SolutionGuid = {8F8DD696-5881-4507-9E4C-3EB0394A95E6}
	EndGlobalSection
EndGlobal
